
Microsoft Visual Studio Solution File, Format Version 12.00
# Visual Studio Version 16
VisualStudioVersion = 16.0.31613.86
MinimumVisualStudioVersion = 10.0.40219.1
Project("{FAE04EC0-301F-11D3-BF4B-00C04F79EFBC}") = "lab_1b", "WebApplication1\lab_1b.csproj", "{40AAB2F2-A3BC-46EF-B36F-19549B4A5F4C}"
EndProject
Global
	GlobalSection(SolutionConfigurationPlatforms) = preSolution
		Debug|Any CPU = Debug|Any CPU
		Release|Any CPU = Release|Any CPU
	EndGlobalSection
	GlobalSection(ProjectConfigurationPlatforms) = postSolution
		{40AAB2F2-A3BC-46EF-B36F-19549B4A5F4C}.Debug|Any CPU.ActiveCfg = Debug|Any CPU
		{40AAB2F2-A3BC-46EF-B36F-19549B4A5F4C}.Debug|Any CPU.Build.0 = Debug|Any CPU
		{40AAB2F2-A3BC-46EF-B36F-19549B4A5F4C}.Release|Any CPU.ActiveCfg = Release|Any CPU
		{40AAB2F2-A3BC-46EF-B36F-19549B4A5F4C}.Release|Any CPU.Build.0 = Release|Any CPU
	EndGlobalSection
	GlobalSection(SolutionProperties) = preSolution
		HideSolutionNode = FALSE
	EndGlobalSection
	GlobalSection(ExtensibilityGlobals) = postSolution
		SolutionGuid = {D7E666CE-A302-41A5-94E2-E2087E5B6C03}
	EndGlobalSection
EndGlobal
