
Microsoft Visual Studio Solution File, Format Version 12.00
# Visual Studio Version 16
VisualStudioVersion = 16.0.31613.86
MinimumVisualStudioVersion = 10.0.40219.1
Project("{FAE04EC0-301F-11D3-BF4B-00C04F79EFBC}") = "Lab1", "Laba_1\Lab1.csproj", "{5A84A3F7-40A1-4F79-AA73-2712567CE663}"
EndProject
Global
	GlobalSection(SolutionConfigurationPlatforms) = preSolution
		Debug|Any CPU = Debug|Any CPU
		Release|Any CPU = Release|Any CPU
	EndGlobalSection
	GlobalSection(ProjectConfigurationPlatforms) = postSolution
		{5A84A3F7-40A1-4F79-AA73-2712567CE663}.Debug|Any CPU.ActiveCfg = Debug|Any CPU
		{5A84A3F7-40A1-4F79-AA73-2712567CE663}.Debug|Any CPU.Build.0 = Debug|Any CPU
		{5A84A3F7-40A1-4F79-AA73-2712567CE663}.Release|Any CPU.ActiveCfg = Release|Any CPU
		{5A84A3F7-40A1-4F79-AA73-2712567CE663}.Release|Any CPU.Build.0 = Release|Any CPU
	EndGlobalSection
	GlobalSection(SolutionProperties) = preSolution
		HideSolutionNode = FALSE
	EndGlobalSection
	GlobalSection(ExtensibilityGlobals) = postSolution
		SolutionGuid = {9D9A53A0-5322-4E9E-8879-B9A3DE244B93}
	EndGlobalSection
EndGlobal
